# THIS IS AN AUTOGENERATED FILE. DO NOT EDIT THIS FILE DIRECTLY.
# yarn lockfile v1


bulma-calendar@^6.0.7:
  version "6.0.7"
  resolved "https://registry.yarnpkg.com/bulma-calendar/-/bulma-calendar-6.0.7.tgz#123b39c6f237745f1595254d5bb7c193feb0905b"
  integrity sha512-hSb8Y8myovv0e0SIPLVPZGtaGIzL/6SkZM3JiK9OaqjcCZFtYYjBaYCpLstn93J95+46sf8KU9LHIxU4o+b1kg==
  dependencies:
    bulma latest
    date-and-time "^0.6.3"
    date-fns "^1.29.0"

bulma-carousel@^4.0.4:
  version "4.0.4"
  resolved "https://registry.yarnpkg.com/bulma-carousel/-/bulma-carousel-4.0.4.tgz#96a2e93e6042d196cb064b9a1ea48ca4db4bb030"
  integrity sha512-fxARvrPZ0meiVMkxI1ayK2RBd9YUNPc7FFnDpD+SgPnQdZgW+VAvHM8YdR3BJfnmR9lNWNqfKR/hk7Ko0GP2tA==

bulma-extensions@^6.2.7:
  version "6.2.7"
  resolved "https://registry.yarnpkg.com/bulma-extensions/-/bulma-extensions-6.2.7.tgz#f9f4d1478a7ac1606ae8db1e765aa45e3f12bb31"
  integrity sha512-y3dHsxlCYkuxUg87KKN9H4InM8NCk8tdnrlxLkYak8sd2WQdllg3wP2Nv41lj8X46uPXX2ADP0MO65LlXPHt/Q==

bulma@0.8.2:
  version "0.8.2"
  resolved "https://registry.yarnpkg.com/bulma/-/bulma-0.8.2.tgz#5d928f16ed4a84549c2873f95c92c38c69c631a7"
  integrity sha512-vMM/ijYSxX+Sm+nD7Lmc1UgWDy2JcL2nTKqwgEqXuOMU+IGALbXd5MLt/BcjBAPLIx36TtzhzBcSnOP974gcqA==

bulma@latest:
  version "0.7.5"
  resolved "https://registry.yarnpkg.com/bulma/-/bulma-0.7.5.tgz#35066c37f82c088b68f94450be758fc00a967208"
  integrity sha512-cX98TIn0I6sKba/DhW0FBjtaDpxTelU166pf7ICXpCCuplHWyu6C9LYZmL5PEsnePIeJaiorsTEzzNk3Tsm1hw==

date-and-time@^0.6.3:
  version "0.6.3"
  resolved "https://registry.yarnpkg.com/date-and-time/-/date-and-time-0.6.3.tgz#2daee52df67c28bd93bce862756ac86b68cf4237"
  integrity sha512-lcWy3AXDRJOD7MplwZMmNSRM//kZtJaLz4n6D1P5z9wEmZGBKhJRBIr1Xs9KNQJmdXPblvgffynYji4iylUTcA==

date-fns@^1.29.0:
  version "1.30.1"
  resolved "https://registry.yarnpkg.com/date-fns/-/date-fns-1.30.1.tgz#2e71bf0b119153dbb4cc4e88d9ea5acfb50dc05c"
  integrity sha512-hBSVCvSmWC+QypYObzwGOd9wqdDpOt+0wl0KbU+R+uuZBS1jN8VsD1ss3irQDknRj5NvxiTF6oj/nDRnN/UQNw==

noty@^3.2.0-beta:
  version "3.2.0-beta"
  resolved "https://registry.yarnpkg.com/noty/-/noty-3.2.0-beta.tgz#cd1117277a1b83c9b08dfc78f968c6c5960d3cfa"
  integrity sha512-a1//Rth1MTQ/GCvGzwBXrZqCwOPyxiIKMdHT1TlcdrDYBYVfb7vzwsU0N4x+j/HeIQTi6/pbP8lRtY9gBz/d3Q==
